
Microsoft Visual Studio Solution File, Format Version 12.00
# Visual Studio Version 17
VisualStudioVersion = 17.6.33815.320
MinimumVisualStudioVersion = 10.0.40219.1
Project("{FAE04EC0-301F-11D3-BF4B-00C04F79EFBC}") = "StopWatch", "StopWatch\StopWatch.csproj", "{27CCD292-40D5-4C2A-B8AB-43A2A7D29898}"
EndProject
Global
	GlobalSection(SolutionConfigurationPlatforms) = preSolution
		Debug|Any CPU = Debug|Any CPU
		Release|Any CPU = Release|Any CPU
	EndGlobalSection
	GlobalSection(ProjectConfigurationPlatforms) = postSolution
		{27CCD292-40D5-4C2A-B8AB-43A2A7D29898}.Debug|Any CPU.ActiveCfg = Debug|Any CPU
		{27CCD292-40D5-4C2A-B8AB-43A2A7D29898}.Debug|Any CPU.Build.0 = Debug|Any CPU
		{27CCD292-40D5-4C2A-B8AB-43A2A7D29898}.Release|Any CPU.ActiveCfg = Release|Any CPU
		{27CCD292-40D5-4C2A-B8AB-43A2A7D29898}.Release|Any CPU.Build.0 = Release|Any CPU
	EndGlobalSection
	GlobalSection(SolutionProperties) = preSolution
		HideSolutionNode = FALSE
	EndGlobalSection
	GlobalSection(ExtensibilityGlobals) = postSolution
		SolutionGuid = {C304AA32-344B-44EC-B868-418A076032A9}
	EndGlobalSection
EndGlobal
